
Microsoft Visual Studio Solution File, Format Version 12.00
# Visual Studio Version 17
VisualStudioVersion = 17.5.002.0
MinimumVisualStudioVersion = 10.0.40219.1
Project("{9A19103F-16F7-4668-BE54-9A1E7A4F7556}") = "MySqlBulkProcess", "MySqlBulkProcess.csproj", "{29E66E8A-3B3F-488E-B18F-469434BA6605}"
EndProject
Global
	GlobalSection(SolutionConfigurationPlatforms) = preSolution
		Debug|Any CPU = Debug|Any CPU
		Release|Any CPU = Release|Any CPU
	EndGlobalSection
	GlobalSection(ProjectConfigurationPlatforms) = postSolution
		{29E66E8A-3B3F-488E-B18F-469434BA6605}.Debug|Any CPU.ActiveCfg = Debug|Any CPU
		{29E66E8A-3B3F-488E-B18F-469434BA6605}.Debug|Any CPU.Build.0 = Debug|Any CPU
		{29E66E8A-3B3F-488E-B18F-469434BA6605}.Release|Any CPU.ActiveCfg = Release|Any CPU
		{29E66E8A-3B3F-488E-B18F-469434BA6605}.Release|Any CPU.Build.0 = Release|Any CPU
	EndGlobalSection
	GlobalSection(SolutionProperties) = preSolution
		HideSolutionNode = FALSE
	EndGlobalSection
	GlobalSection(ExtensibilityGlobals) = postSolution
		SolutionGuid = {711B9C18-A266-43F9-9D3C-2072640E6524}
	EndGlobalSection
EndGlobal
